// !$*UTF8*$!
{
	archiveVersion = 1;
	classes = {
	};
	objectVersion = 46;
	objects = {

/* Begin PBXBuildFile section */
		334FF9E11C12CAAF0031FCC7 /* UserAccount.swift in Sources */ = {isa = PBXBuildFile; fileRef = 334FF9E01C12CAAF0031FCC7 /* UserAccount.swift */; };
		33953AAC1C11BACA002A8E8B /* AppDelegate.swift in Sources */ = {isa = PBXBuildFile; fileRef = 33953AAB1C11BACA002A8E8B /* AppDelegate.swift */; };
		33953AAE1C11BACA002A8E8B /* ViewController.swift in Sources */ = {isa = PBXBuildFile; fileRef = 33953AAD1C11BACA002A8E8B /* ViewController.swift */; };
		33953AB11C11BACA002A8E8B /* Main.storyboard in Resources */ = {isa = PBXBuildFile; fileRef = 33953AAF1C11BACA002A8E8B /* Main.storyboard */; };
		33953AB31C11BACA002A8E8B /* Assets.xcassets in Resources */ = {isa = PBXBuildFile; fileRef = 33953AB21C11BACA002A8E8B /* Assets.xcassets */; };
		33953AB61C11BACA002A8E8B /* LaunchScreen.storyboard in Resources */ = {isa = PBXBuildFile; fileRef = 33953AB41C11BACA002A8E8B /* LaunchScreen.storyboard */; };
		33953AC71C11FD28002A8E8B /* PlayerViewController.swift in Sources */ = {isa = PBXBuildFile; fileRef = 33953AC61C11FD28002A8E8B /* PlayerViewController.swift */; };
/* End PBXBuildFile section */

/* Begin PBXFileReference section */
		334FF9E01C12CAAF0031FCC7 /* UserAccount.swift */ = {isa = PBXFileReference; fileEncoding = 4; lastKnownFileType = sourcecode.swift; path = UserAccount.swift; sourceTree = "<group>"; };
		33953AA81C11BACA002A8E8B /* Smove.app */ = {isa = PBXFileReference; explicitFileType = wrapper.application; includeInIndex = 0; path = Smove.app; sourceTree = BUILT_PRODUCTS_DIR; };
		33953AAB1C11BACA002A8E8B /* AppDelegate.swift */ = {isa = PBXFileReference; lastKnownFileType = sourcecode.swift; path = AppDelegate.swift; sourceTree = "<group>"; };
		33953AAD1C11BACA002A8E8B /* ViewController.swift */ = {isa = PBXFileReference; lastKnownFileType = sourcecode.swift; path = ViewController.swift; sourceTree = "<group>"; };
		33953AB01C11BACA002A8E8B /* Base */ = {isa = PBXFileReference; lastKnownFileType = file.storyboard; name = Base; path = Base.lproj/Main.storyboard; sourceTree = "<group>"; };
		33953AB21C11BACA002A8E8B /* Assets.xcassets */ = {isa = PBXFileReference; lastKnownFileType = folder.assetcatalog; path = Assets.xcassets; sourceTree = "<group>"; };
		33953AB51C11BACA002A8E8B /* Base */ = {isa = PBXFileReference; lastKnownFileType = file.storyboard; name = Base; path = Base.lproj/LaunchScreen.storyboard; sourceTree = "<group>"; };
		33953AB71C11BACA002A8E8B /* Info.plist */ = {isa = PBXFileReference; lastKnownFileType = text.plist.xml; path = Info.plist; sourceTree = "<group>"; };
		33953AC61C11FD28002A8E8B /* PlayerViewController.swift */ = {isa = PBXFileReference; fileEncoding = 4; lastKnownFileType = sourcecode.swift; path = PlayerViewController.swift; sourceTree = "<group>"; };
/* End PBXFileReference section */

/* Begin PBXFrameworksBuildPhase section */
		33953AA51C11BACA002A8E8B /* Frameworks */ = {
			isa = PBXFrameworksBuildPhase;
			buildActionMask = 2147483647;
			files = (
			);
			runOnlyForDeploymentPostprocessing = 0;
		};
/* End PBXFrameworksBuildPhase section */

/* Begin PBXGroup section */
		33953A9F1C11BACA002A8E8B = {
			isa = PBXGroup;
			children = (
				33953AAA1C11BACA002A8E8B /* Smove */,
				33953AA91C11BACA002A8E8B /* Products */,
			);
			sourceTree = "<group>";
		};
		33953AA91C11BACA002A8E8B /* Products */ = {
			isa = PBXGroup;
			children = (
				33953AA81C11BACA002A8E8B /* Smove.app */,
			);
			name = Products;
			sourceTree = "<group>";
		};
		33953AAA1C11BACA002A8E8B /* Smove */ = {
			isa = PBXGroup;
			children = (
				33953AAB1C11BACA002A8E8B /* AppDelegate.swift */,
				33953AAD1C11BACA002A8E8B /* ViewController.swift */,
				33953AC61C11FD28002A8E8B /* PlayerViewController.swift */,
				334FF9E01C12CAAF0031FCC7 /* UserAccount.swift */,
				33953AAF1C11BACA002A8E8B /* Main.storyboard */,
				33953AB21C11BACA002A8E8B /* Assets.xcassets */,
				33953AB41C11BACA002A8E8B /* LaunchScreen.storyboard */,
				33953AB71C11BACA002A8E8B /* Info.plist */,
			);
			path = Smove;
			sourceTree = "<group>";
		};
/* End PBXGroup section */

/* Begin PBXNativeTarget section */
		33953AA71C11BACA002A8E8B /* Smove */ = {
			isa = PBXNativeTarget;
			buildConfigurationList = 33953ABA1C11BACA002A8E8B /* Build configuration list for PBXNativeTarget "Smove" */;
			buildPhases = (
				33953AA41C11BACA002A8E8B /* Sources */,
				33953AA51C11BACA002A8E8B /* Frameworks */,
				33953AA61C11BACA002A8E8B /* Resources */,
			);
			buildRules = (
			);
			dependencies = (
			);
			name = Smove;
			productName = Smove;
			productReference = 33953AA81C11BACA002A8E8B /* Smove.app */;
			productType = "com.apple.product-type.application";
		};
/* End PBXNativeTarget section */

/* Begin PBXProject section */
		33953AA01C11BACA002A8E8B /* Project object */ = {
			isa = PBXProject;
			attributes = {
				LastSwiftUpdateCheck = 0710;
				LastUpgradeCheck = 0710;
				ORGANIZATIONNAME = "台";
				TargetAttributes = {
					33953AA71C11BACA002A8E8B = {
						CreatedOnToolsVersion = 7.1;
						DevelopmentTeam = JF6YEF7G4U;
					};
				};
			};
			buildConfigurationList = 33953AA31C11BACA002A8E8B /* Build configuration list for PBXProject "Smove" */;
			compatibilityVersion = "Xcode 3.2";
			developmentRegion = English;
			hasScannedForEncodings = 0;
			knownRegions = (
				en,
				Base,
			);
			mainGroup = 33953A9F1C11BACA002A8E8B;
			productRefGroup = 33953AA91C11BACA002A8E8B /* Products */;
			projectDirPath = "";
			projectRoot = "";
			targets = (
				33953AA71C11BACA002A8E8B /* Smove */,
			);
		};
/* End PBXProject section */

/* Begin PBXResourcesBuildPhase section */
		33953AA61C11BACA002A8E8B /* Resources */ = {
			isa = PBXResourcesBuildPhase;
			buildActionMask = 2147483647;
			files = (
				33953AB61C11BACA002A8E8B /* LaunchScreen.storyboard in Resources */,
				33953AB31C11BACA002A8E8B /* Assets.xcassets in Resources */,
				33953AB11C11BACA002A8E8B /* Main.storyboard in Resources */,
			);
			runOnlyForDeploymentPostprocessing = 0;
		};
/* End PBXResourcesBuildPhase section */

/* Begin PBXSourcesBuildPhase section */
		33953AA41C11BACA002A8E8B /* Sources */ = {
			isa = PBXSourcesBuildPhase;
			buildActionMask = 2147483647;
			files = (
				334FF9E11C12CAAF0031FCC7 /* UserAccount.swift in Sources */,
				33953AAE1C11BACA002A8E8B /* ViewController.swift in Sources */,
				33953AC71C11FD28002A8E8B /* PlayerViewController.swift in Sources */,
				33953AAC1C11BACA002A8E8B /* AppDelegate.swift in Sources */,
			);
			runOnlyForDeploymentPostprocessing = 0;
		};
/* End PBXSourcesBuildPhase section */

/* Begin PBXVariantGroup section */
		33953AAF1C11BACA002A8E8B /* Main.storyboard */ = {
			isa = PBXVariantGroup;
			children = (
				33953AB01C11BACA002A8E8B /* Base */,
			);
			name = Main.storyboard;
			sourceTree = "<group>";
		};
		33953AB41C11BACA002A8E8B /* LaunchScreen.storyboard */ = {
			isa = PBXVariantGroup;
			children = (
				33953AB51C11BACA002A8E8B /* Base */,
			);
			name = LaunchScreen.storyboard;
			sourceTree = "<group>";
		};
/* End PBXVariantGroup section */

/* Begin XCBuildConfiguration section */
		33953AB81C11BACA002A8E8B /* Debug */ = {
			isa = XCBuildConfiguration;
			buildSettings = {
				ALWAYS_SEARCH_USER_PATHS = NO;
				CLANG_CXX_LANGUAGE_STANDARD = "gnu++0x";
				CLANG_CXX_LIBRARY = "libc++";
				CLANG_ENABLE_MODULES = YES;
				CLANG_ENABLE_OBJC_ARC = YES;
				CLANG_WARN_BOOL_CONVERSION = YES;
				CLANG_WARN_CONSTANT_CONVERSION = YES;
				CLANG_WARN_DIRECT_OBJC_ISA_USAGE = YES_ERROR;
				CLANG_WARN_EMPTY_BODY = YES;
				CLANG_WARN_ENUM_CONVERSION = YES;
				CLANG_WARN_INT_CONVERSION = YES;
				CLANG_WARN_OBJC_ROOT_CLASS = YES_ERROR;
				CLANG_WARN_UNREACHABLE_CODE = YES;
				CLANG_WARN__DUPLICATE_METHOD_MATCH = YES;
				"CODE_SIGN_IDENTITY[sdk=iphoneos*]" = "iPhone Developer";
				COPY_PHASE_STRIP = NO;
				DEBUG_INFORMATION_FORMAT = dwarf;
				ENABLE_STRICT_OBJC_MSGSEND = YES;
				ENABLE_TESTABILITY = YES;
				GCC_C_LANGUAGE_STANDARD = gnu99;
				GCC_DYNAMIC_NO_PIC = NO;
				GCC_NO_COMMON_BLOCKS = YES;
				GCC_OPTIMIZATION_LEVEL = 0;
				GCC_PREPROCESSOR_DEFINITIONS = (
					"DEBUG=1",
					"$(inherited)",
				);
				GCC_WARN_64_TO_32_BIT_CONVERSION = YES;
				GCC_WARN_ABOUT_RETURN_TYPE = YES_ERROR;
				GCC_WARN_UNDECLARED_SELECTOR = YES;
				GCC_WARN_UNINITIALIZED_AUTOS = YES_AGGRESSIVE;
				GCC_WARN_UNUSED_FUNCTION = YES;
				GCC_WARN_UNUSED_VARIABLE = YES;
				IPHONEOS_DEPLOYMENT_TARGET = 9.1;
				MTL_ENABLE_DEBUG_INFO = YES;
				ONLY_ACTIVE_ARCH = YES;
				SDKROOT = iphoneos;
				SWIFT_OPTIMIZATION_LEVEL = "-Onone";
			};
			name = Debug;
		};
		33953AB91C11BACA002A8E8B /* Release */ = {
			isa = XCBuildConfiguration;
			buildSettings = {
				ALWAYS_SEARCH_USER_PATHS = NO;
				CLANG_CXX_LANGUAGE_STANDARD = "gnu++0x";
				CLANG_CXX_LIBRARY = "libc++";
				CLANG_ENABLE_MODULES = YES;
				CLANG_ENABLE_OBJC_ARC = YES;
				CLANG_WARN_BOOL_CONVERSION = YES;
				CLANG_WARN_CONSTANT_CONVERSION = YES;
				CLANG_WARN_DIRECT_OBJC_ISA_USAGE = YES_ERROR;
				CLANG_WARN_EMPTY_BODY = YES;
				CLANG_WARN_ENUM_CONVERSION = YES;
				CLANG_WARN_INT_CONVERSION = YES;
				CLANG_WARN_OBJC_ROOT_CLASS = YES_ERROR;
				CLANG_WARN_UNREACHABLE_CODE = YES;
				CLANG_WARN__DUPLICATE_METHOD_MATCH = YES;
				"CODE_SIGN_IDENTITY[sdk=iphoneos*]" = "iPhone Developer";
				COPY_PHASE_STRIP = NO;
				DEBUG_INFORMATION_FORMAT = "dwarf-with-dsym";
				ENABLE_NS_ASSERTIONS = NO;
				ENABLE_STRICT_OBJC_MSGSEND = YES;
				GCC_C_LANGUAGE_STANDARD = gnu99;
				GCC_NO_COMMON_BLOCKS = YES;
				GCC_WARN_64_TO_32_BIT_CONVERSION = YES;
				GCC_WARN_ABOUT_RETURN_TYPE = YES_ERROR;
				GCC_WARN_UNDECLARED_SELECTOR = YES;
				GCC_WARN_UNINITIALIZED_AUTOS = YES_AGGRESSIVE;
				GCC_WARN_UNUSED_FUNCTION = YES;
				GCC_WARN_UNUSED_VARIABLE = YES;
				IPHONEOS_DEPLOYMENT_TARGET = 9.1;
				MTL_ENABLE_DEBUG_INFO = NO;
				SDKROOT = iphoneos;
				VALIDATE_PRODUCT = YES;
			};
			name = Release;
		};
		33953ABB1C11BACA002A8E8B /* Debug */ = {
			isa = XCBuildConfiguration;
			buildSettings = {
				ASSETCATALOG_COMPILER_APPICON_NAME = AppIcon;
				CLANG_ENABLE_MODULES = YES;
				CODE_SIGN_IDENTITY = "iPhone Developer: Wei Feng Hou (RV6NK6768C)";
				INFOPLIST_FILE = Smove/Info.plist;
				LD_RUNPATH_SEARCH_PATHS = "$(inherited) @executable_path/Frameworks";
				PRODUCT_BUNDLE_IDENTIFIER = "cn.Fuck-you.Smove";
				PRODUCT_NAME = "$(TARGET_NAME)";
				SWIFT_OBJC_BRIDGING_HEADER = "";
				SWIFT_OPTIMIZATION_LEVEL = "-Onone";
			};
			name = Debug;
		};
		33953ABC1C11BACA002A8E8B /* Release */ = {
			isa = XCBuildConfiguration;
			buildSettings = {
				ASSETCATALOG_COMPILER_APPICON_NAME = AppIcon;
				CLANG_ENABLE_MODULES = YES;
				CODE_SIGN_IDENTITY = "iPhone Developer: Wei Feng Hou (RV6NK6768C)";
				INFOPLIST_FILE = Smove/Info.plist;
				LD_RUNPATH_SEARCH_PATHS = "$(inherited) @executable_path/Frameworks";
				PRODUCT_BUNDLE_IDENTIFIER = "cn.Fuck-you.Smove";
				PRODUCT_NAME = "$(TARGET_NAME)";
				SWIFT_OBJC_BRIDGING_HEADER = "";
			};
			name = Release;
		};
/* End XCBuildConfiguration section */

/* Begin XCConfigurationList section */
		33953AA31C11BACA002A8E8B /* Build configuration list for PBXProject "Smove" */ = {
			isa = XCConfigurationList;
			buildConfigurations = (
				33953AB81C11BACA002A8E8B /* Debug */,
				33953AB91C11BACA002A8E8B /* Release */,
			);
			defaultConfigurationIsVisible = 0;
			defaultConfigurationName = Release;
		};
		33953ABA1C11BACA002A8E8B /* Build configuration list for PBXNativeTarget "Smove" */ = {
			isa = XCConfigurationList;
			buildConfigurations = (
				33953ABB1C11BACA002A8E8B /* Debug */,
				33953ABC1C11BACA002A8E8B /* Release */,
			);
			defaultConfigurationIsVisible = 0;
			defaultConfigurationName = Release;
		};
/* End XCConfigurationList section */
	};
	rootObject = 33953AA01C11BACA002A8E8B /* Project object */;
}
